
Microsoft Visual Studio Solution File, Format Version 12.00
# Visual Studio Version 17
VisualStudioVersion = 17.11.35327.3
MinimumVisualStudioVersion = 10.0.40219.1
Project("{FAE04EC0-301F-11D3-BF4B-00C04F79EFBC}") = "PaymentProvider", "PaymentProvider\PaymentProvider.csproj", "{04452156-DCD9-4760-97C3-44EB86946977}"
EndProject
Global
	GlobalSection(SolutionConfigurationPlatforms) = preSolution
		Debug|Any CPU = Debug|Any CPU
		Release|Any CPU = Release|Any CPU
	EndGlobalSection
	GlobalSection(ProjectConfigurationPlatforms) = postSolution
		{04452156-DCD9-4760-97C3-44EB86946977}.Debug|Any CPU.ActiveCfg = Debug|Any CPU
		{04452156-DCD9-4760-97C3-44EB86946977}.Debug|Any CPU.Build.0 = Debug|Any CPU
		{04452156-DCD9-4760-97C3-44EB86946977}.Release|Any CPU.ActiveCfg = Release|Any CPU
		{04452156-DCD9-4760-97C3-44EB86946977}.Release|Any CPU.Build.0 = Release|Any CPU
	EndGlobalSection
	GlobalSection(SolutionProperties) = preSolution
		HideSolutionNode = FALSE
	EndGlobalSection
	GlobalSection(ExtensibilityGlobals) = postSolution
		SolutionGuid = {C8424C79-F36E-4924-B8DB-3900D78D6609}
	EndGlobalSection
EndGlobal
